<?xml version="1.0" encoding="utf-8"?>
<Project ToolsVersion="4.0" xmlns="http://schemas.microsoft.com/developer/msbuild/2003">
  <ItemGroup>
    <Filter Include="Source Files">
      <UniqueIdentifier>{4FC737F1-C7A5-4376-A066-2A32D752A2FF}</UniqueIdentifier>
      <Extensions>cpp;c;cc;cxx;def;s;asm;asmx</Extensions>
    </Filter>
    <Filter Include="Header Files">
      <UniqueIdentifier>{93995380-89BD-4b04-88EB-625FBE52EBFB}</UniqueIdentifier>
      <Extensions>h;hh;hpp;hxx;hm;inl;inc</Extensions>
    </Filter>
    <Filter Include="Resource Files">
      <UniqueIdentifier>{67DA6AB6-F800-4c08-8B7A-83BB121AAD01}</UniqueIdentifier>
      <Extensions>bmp;gif;jpg;jpeg;png;wav;mp4</Extensions>
    </Filter>
    <Filter Include="Build">
      <UniqueIdentifier>{58a2c3f2-b2ce-472f-b5cd-5066b0506921}</UniqueIdentifier>
    </Filter>
  </ItemGroup>
  <ItemGroup>
    <ClCompile Include="GraphicsContext.cpp">
      <Filter>Source Files</Filter>
    </ClCompile>
    <ClCompile Include="pch.cpp">
      <Filter>Source Files</Filter>
    </ClCompile>
    <ClCompile Include="StepTimer.cpp">
      <Filter>Source Files</Filter>
    </ClCompile>
    <ClCompile Include="CameraResources.cpp">
      <Filter>Source Files</Filter>
    </ClCompile>
    <ClCompile Include="DDSTextureLoader.cpp">
      <Filter>Source Files</Filter>
    </ClCompile>
    <ClCompile Include="DeviceResources.cpp">
      <Filter>Source Files</Filter>
    </ClCompile>
    <ClCompile Include="DistanceFieldRenderer.cpp">
      <Filter>Source Files</Filter>
    </ClCompile>
    <ClCompile Include="EventHandler.cpp">
      <Filter>Source Files</Filter>
    </ClCompile>
    <ClCompile Include="ndtech.cpp">
      <Filter>Source Files</Filter>
    </ClCompile>
    <ClCompile Include="PointerPressedEventArgs.cpp">
      <Filter>Source Files</Filter>
    </ClCompile>
    <ClCompile Include="SpatialInputHandler.cpp">
      <Filter>Source Files</Filter>
    </ClCompile>
    <ClCompile Include="TextRenderer.cpp">
      <Filter>Source Files</Filter>
    </ClCompile>
    <ClCompile Include="Utilities.cpp">
      <Filter>Source Files</Filter>
    </ClCompile>
    <ClCompile Include="BaseApp.cpp">
      <Filter>Source Files</Filter>
    </ClCompile>
    <ClCompile Include="Scheduler.cpp">
      <Filter>Source Files</Filter>
    </ClCompile>
  </ItemGroup>
  <ItemGroup>
    <None Include="build.bat">
      <Filter>Build</Filter>
    </None>
    <None Include="build.sh">
      <Filter>Build</Filter>
    </None>
    <None Include="build_run.bat">
      <Filter>Build</Filter>
    </None>
    <None Include="build_run.sh">
      <Filter>Build</Filter>
    </None>
    <None Include="build_run_device.bat">
      <Filter>Build</Filter>
    </None>
    <None Include="build_run_device.sh">
      <Filter>Build</Filter>
    </None>
    <None Include="glad.comp">
      <Filter>Build</Filter>
    </None>
    <None Include="glfw.comp">
      <Filter>Build</Filter>
    </None>
    <None Include="ndtech.mabu">
      <Filter>Build</Filter>
    </None>
    <None Include="packages.config" />
  </ItemGroup>
  <ItemGroup>
    <ClInclude Include="App.h">
      <Filter>Header Files</Filter>
    </ClInclude>
    <ClInclude Include="ApplicationContext.h">
      <Filter>Header Files</Filter>
    </ClInclude>
    <ClInclude Include="CameraResources.h">
      <Filter>Header Files</Filter>
    </ClInclude>
    <ClInclude Include="Conversion.h">
      <Filter>Header Files</Filter>
    </ClInclude>
    <ClInclude Include="DDSTextureLoader.h">
      <Filter>Header Files</Filter>
    </ClInclude>
    <ClInclude Include="DeviceResources.h">
      <Filter>Header Files</Filter>
    </ClInclude>
    <ClInclude Include="DirectXHelper.h">
      <Filter>Header Files</Filter>
    </ClInclude>
    <ClInclude Include="DistanceFieldRenderer.h">
      <Filter>Header Files</Filter>
    </ClInclude>
    <ClInclude Include="Event.h">
      <Filter>Header Files</Filter>
    </ClInclude>
    <ClInclude Include="EventArgs.h">
      <Filter>Header Files</Filter>
    </ClInclude>
    <ClInclude Include="EventHandler.h">
      <Filter>Header Files</Filter>
    </ClInclude>
    <ClInclude Include="GraphicsContext.h">
      <Filter>Header Files</Filter>
    </ClInclude>
    <ClInclude Include="IAsyncSpecializations.h">
      <Filter>Header Files</Filter>
    </ClInclude>
    <ClInclude Include="IDeviceNotify.h">
      <Filter>Header Files</Filter>
    </ClInclude>
    <ClInclude Include="MemberEventHandler.h">
      <Filter>Header Files</Filter>
    </ClInclude>
    <ClInclude Include="ndtech.h">
      <Filter>Header Files</Filter>
    </ClInclude>
    <ClInclude Include="pch.h">
      <Filter>Header Files</Filter>
    </ClInclude>
    <ClInclude Include="PointerPressedEvent.h">
      <Filter>Header Files</Filter>
    </ClInclude>
    <ClInclude Include="PointerPressedEventArgs.h">
      <Filter>Header Files</Filter>
    </ClInclude>
    <ClInclude Include="ShaderStructures.h">
      <Filter>Header Files</Filter>
    </ClInclude>
    <ClInclude Include="SpatialInputHandler.h">
      <Filter>Header Files</Filter>
    </ClInclude>
    <ClInclude Include="StepTimer.h">
      <Filter>Header Files</Filter>
    </ClInclude>
    <ClInclude Include="targetver.h">
      <Filter>Header Files</Filter>
    </ClInclude>
    <ClInclude Include="TextRenderer.h">
      <Filter>Header Files</Filter>
    </ClInclude>
    <ClInclude Include="Utilities.h">
      <Filter>Header Files</Filter>
    </ClInclude>
    <ClInclude Include="System.h">
      <Filter>Header Files</Filter>
    </ClInclude>
    <ClInclude Include="TypeUtilities.h">
      <Filter>Header Files</Filter>
    </ClInclude>
    <ClInclude Include="BaseApp.h">
      <Filter>Header Files</Filter>
    </ClInclude>
    <ClInclude Include="ApplicationSettings.h">
      <Filter>Header Files</Filter>
    </ClInclude>
    <ClInclude Include="HoloLensRenderingSystem.h">
      <Filter>Header Files</Filter>
    </ClInclude>
    <ClInclude Include="MagicLeapRenderingSystem.h">
      <Filter>Header Files</Filter>
    </ClInclude>
    <ClInclude Include="RenderingSystem.h">
      <Filter>Header Files</Filter>
    </ClInclude>
    <ClInclude Include="PlatformApp.h">
      <Filter>Header Files</Filter>
    </ClInclude>
    <ClInclude Include="HoloLensPlatformApp.h">
      <Filter>Header Files</Filter>
    </ClInclude>
    <ClInclude Include="MagicLeapPlatformApp.h">
      <Filter>Header Files</Filter>
    </ClInclude>
    <ClInclude Include="Features.h">
      <Filter>Header Files</Filter>
    </ClInclude>
    <ClInclude Include="VertexTypes.h">
      <Filter>Header Files</Filter>
    </ClInclude>
    <ClInclude Include="NamedItemStore.h">
      <Filter>Header Files</Filter>
    </ClInclude>
    <ClInclude Include="Scheduler.h">
      <Filter>Header Files</Filter>
    </ClInclude>
    <ClInclude Include="Utilities-MagicLeap.h">
      <Filter>Header Files</Filter>
    </ClInclude>
    <ClInclude Include="Utilities-HoloLens.h">
      <Filter>Header Files</Filter>
    </ClInclude>
    <ClInclude Include="MultiItemStore.h">
      <Filter>Header Files</Filter>
    </ClInclude>
  </ItemGroup>
</Project>